
Microsoft Visual Studio Solution File, Format Version 12.00
# Visual Studio Version 17
VisualStudioVersion = 17.14.36414.22 d17.14
MinimumVisualStudioVersion = 10.0.40219.1
Project("{FAE04EC0-301F-11D3-BF4B-00C04F79EFBC}") = "Demo-API", "Demo-API.csproj", "{813B20A3-6597-4BDC-A362-676C3FBDCAEB}"
EndProject
Global
	GlobalSection(SolutionConfigurationPlatforms) = preSolution
		Debug|Any CPU = Debug|Any CPU
		Release|Any CPU = Release|Any CPU
	EndGlobalSection
	GlobalSection(ProjectConfigurationPlatforms) = postSolution
		{813B20A3-6597-4BDC-A362-676C3FBDCAEB}.Debug|Any CPU.ActiveCfg = Debug|Any CPU
		{813B20A3-6597-4BDC-A362-676C3FBDCAEB}.Debug|Any CPU.Build.0 = Debug|Any CPU
		{813B20A3-6597-4BDC-A362-676C3FBDCAEB}.Release|Any CPU.ActiveCfg = Release|Any CPU
		{813B20A3-6597-4BDC-A362-676C3FBDCAEB}.Release|Any CPU.Build.0 = Release|Any CPU
	EndGlobalSection
	GlobalSection(SolutionProperties) = preSolution
		HideSolutionNode = FALSE
	EndGlobalSection
	GlobalSection(ExtensibilityGlobals) = postSolution
		SolutionGuid = {62B5511B-CD67-46DA-8552-ED149A27A0E3}
	EndGlobalSection
EndGlobal
